// !$*UTF8*$!
{
	archiveVersion = 1;
	classes = {
	};
	objectVersion = 52;
	objects = {

/* Begin PBXBuildFile section */
		30122C2625EC46B20056CFA5 /* AppDelegate.swift in Sources */ = {isa = PBXBuildFile; fileRef = 30122C2525EC46B20056CFA5 /* AppDelegate.swift */; };
		30122C2825EC46B20056CFA5 /* SceneDelegate.swift in Sources */ = {isa = PBXBuildFile; fileRef = 30122C2725EC46B20056CFA5 /* SceneDelegate.swift */; };
		30122C2A25EC46B20056CFA5 /* ContentView.swift in Sources */ = {isa = PBXBuildFile; fileRef = 30122C2925EC46B20056CFA5 /* ContentView.swift */; };
		30122C2C25EC46B30056CFA5 /* Assets.xcassets in Resources */ = {isa = PBXBuildFile; fileRef = 30122C2B25EC46B30056CFA5 /* Assets.xcassets */; };
		30122C2F25EC46B30056CFA5 /* Preview Assets.xcassets in Resources */ = {isa = PBXBuildFile; fileRef = 30122C2E25EC46B30056CFA5 /* Preview Assets.xcassets */; };
		30122C3225EC46B30056CFA5 /* LaunchScreen.storyboard in Resources */ = {isa = PBXBuildFile; fileRef = 30122C3025EC46B30056CFA5 /* LaunchScreen.storyboard */; };
		30122C3D25EC46B40056CFA5 /* webcamTests.swift in Sources */ = {isa = PBXBuildFile; fileRef = 30122C3C25EC46B40056CFA5 /* webcamTests.swift */; };
		30122C4825EC46B40056CFA5 /* webcamUITests.swift in Sources */ = {isa = PBXBuildFile; fileRef = 30122C4725EC46B40056CFA5 /* webcamUITests.swift */; };
		30122C5F25EC4AF20056CFA5 /* CameraViewController.swift in Sources */ = {isa = PBXBuildFile; fileRef = 30122C5E25EC4AF20056CFA5 /* CameraViewController.swift */; };
		302F7A632762AA5C00A7CBB1 /* TinyConstraints in Frameworks */ = {isa = PBXBuildFile; productRef = 302F7A622762AA5C00A7CBB1 /* TinyConstraints */; };
		3033582425EC5A1A00D6DDCC /* CameraViewModel.swift in Sources */ = {isa = PBXBuildFile; fileRef = 3033582325EC5A1A00D6DDCC /* CameraViewModel.swift */; };
		304C0F8A25F00ECF005A5D22 /* CameraWireframe.swift in Sources */ = {isa = PBXBuildFile; fileRef = 304C0F8925F00ECF005A5D22 /* CameraWireframe.swift */; };
		305AB1CE2763E5DA00D1C768 /* OnboardView.swift in Sources */ = {isa = PBXBuildFile; fileRef = 305AB1CD2763E5DA00D1C768 /* OnboardView.swift */; };
		305AB1D02763EAA900D1C768 /* OnboardWireframe.swift in Sources */ = {isa = PBXBuildFile; fileRef = 305AB1CF2763EAA900D1C768 /* OnboardWireframe.swift */; };
		305AB1D22763EAEA00D1C768 /* OnboardViewModel.swift in Sources */ = {isa = PBXBuildFile; fileRef = 305AB1D12763EAEA00D1C768 /* OnboardViewModel.swift */; };
		3097A95D2779F1FB001A0F24 /* virtualcamera.pkg in Resources */ = {isa = PBXBuildFile; fileRef = 3097A95C2779F1FB001A0F24 /* virtualcamera.pkg */; };
		30C27DEF260922B300E69103 /* NetworkCore in Frameworks */ = {isa = PBXBuildFile; productRef = 30C27DEE260922B300E69103 /* NetworkCore */; };
		30C27DF7260922C100E69103 /* NetworkCore in Frameworks */ = {isa = PBXBuildFile; productRef = 30C27DF6260922C100E69103 /* NetworkCore */; };
		30D8460525F2DB7300A402DC /* AppDelegate.swift in Sources */ = {isa = PBXBuildFile; fileRef = 30D8460425F2DB7300A402DC /* AppDelegate.swift */; };
		30D8460725F2DB7300A402DC /* SceneDelegate.swift in Sources */ = {isa = PBXBuildFile; fileRef = 30D8460625F2DB7300A402DC /* SceneDelegate.swift */; };
		30D8460925F2DB7300A402DC /* ClienteView.swift in Sources */ = {isa = PBXBuildFile; fileRef = 30D8460825F2DB7300A402DC /* ClienteView.swift */; };
		30D8460B25F2DB7300A402DC /* Assets.xcassets in Resources */ = {isa = PBXBuildFile; fileRef = 30D8460A25F2DB7300A402DC /* Assets.xcassets */; };
		30D8460E25F2DB7300A402DC /* Preview Assets.xcassets in Resources */ = {isa = PBXBuildFile; fileRef = 30D8460D25F2DB7300A402DC /* Preview Assets.xcassets */; };
		30D8461125F2DB7300A402DC /* LaunchScreen.storyboard in Resources */ = {isa = PBXBuildFile; fileRef = 30D8460F25F2DB7300A402DC /* LaunchScreen.storyboard */; };
		30D8461C25F2DB7300A402DC /* serverTests.swift in Sources */ = {isa = PBXBuildFile; fileRef = 30D8461B25F2DB7300A402DC /* serverTests.swift */; };
		30D8462725F2DB7400A402DC /* serverUITests.swift in Sources */ = {isa = PBXBuildFile; fileRef = 30D8462625F2DB7400A402DC /* serverUITests.swift */; };
		30D8466725F2E0AD00A402DC /* ClientViewModel.swift in Sources */ = {isa = PBXBuildFile; fileRef = 30D8466625F2E0AD00A402DC /* ClientViewModel.swift */; };
		4A0E8E3ED6F74534722D72B7 /* Pods_webcamTests.framework in Frameworks */ = {isa = PBXBuildFile; fileRef = DB534EB2BFBC35238EEDD7B0 /* Pods_webcamTests.framework */; };
		6F9DD313EB719B50EB7383F5 /* Pods_server.framework in Frameworks */ = {isa = PBXBuildFile; fileRef = 686A089E38A52BBF77E00724 /* Pods_server.framework */; };
		8FDC9C6F526F1F86FAD9FB53 /* Pods_webcam.framework in Frameworks */ = {isa = PBXBuildFile; fileRef = 95C174F1350FFE3A75C0BD83 /* Pods_webcam.framework */; };
		B83CA5D49F2531BE8AD7A270 /* Pods_serverTests.framework in Frameworks */ = {isa = PBXBuildFile; fileRef = 3E2E6F3EE818CE16276E1DD6 /* Pods_serverTests.framework */; };
		E85048B19A6640CA3816309B /* Pods_webcam_webcamUITests.framework in Frameworks */ = {isa = PBXBuildFile; fileRef = 29E86777C7A503BB5AA392CC /* Pods_webcam_webcamUITests.framework */; };
		EBA59C9DD52B2A5988F89346 /* Pods_server_serverUITests.framework in Frameworks */ = {isa = PBXBuildFile; fileRef = 5DA64C5FB774C229DDE13CD2 /* Pods_server_serverUITests.framework */; };
/* End PBXBuildFile section */

/* Begin PBXContainerItemProxy section */
		30122C3925EC46B40056CFA5 /* PBXContainerItemProxy */ = {
			isa = PBXContainerItemProxy;
			containerPortal = 30122C1A25EC46B20056CFA5 /* Project object */;
			proxyType = 1;
			remoteGlobalIDString = 30122C2125EC46B20056CFA5;
			remoteInfo = webcam;
		};
		30122C4425EC46B40056CFA5 /* PBXContainerItemProxy */ = {
			isa = PBXContainerItemProxy;
			containerPortal = 30122C1A25EC46B20056CFA5 /* Project object */;
			proxyType = 1;
			remoteGlobalIDString = 30122C2125EC46B20056CFA5;
			remoteInfo = webcam;
		};
		30D8461825F2DB7300A402DC /* PBXContainerItemProxy */ = {
			isa = PBXContainerItemProxy;
			containerPortal = 30122C1A25EC46B20056CFA5 /* Project object */;
			proxyType = 1;
			remoteGlobalIDString = 30D8460125F2DB7300A402DC;
			remoteInfo = server;
		};
		30D8462325F2DB7400A402DC /* PBXContainerItemProxy */ = {
			isa = PBXContainerItemProxy;
			containerPortal = 30122C1A25EC46B20056CFA5 /* Project object */;
			proxyType = 1;
			remoteGlobalIDString = 30D8460125F2DB7300A402DC;
			remoteInfo = server;
		};
/* End PBXContainerItemProxy section */

/* Begin PBXFileReference section */
		29E86777C7A503BB5AA392CC /* Pods_webcam_webcamUITests.framework */ = {isa = PBXFileReference; explicitFileType = wrapper.framework; includeInIndex = 0; path = Pods_webcam_webcamUITests.framework; sourceTree = BUILT_PRODUCTS_DIR; };
		2F51ACA5176C9C60DAB1210A /* Pods-webcam-webcamUITests.debug.xcconfig */ = {isa = PBXFileReference; includeInIndex = 1; lastKnownFileType = text.xcconfig; name = "Pods-webcam-webcamUITests.debug.xcconfig"; path = "Target Support Files/Pods-webcam-webcamUITests/Pods-webcam-webcamUITests.debug.xcconfig"; sourceTree = "<group>"; };
		30122C2225EC46B20056CFA5 /* webcam.app */ = {isa = PBXFileReference; explicitFileType = wrapper.application; includeInIndex = 0; path = webcam.app; sourceTree = BUILT_PRODUCTS_DIR; };
		30122C2525EC46B20056CFA5 /* AppDelegate.swift */ = {isa = PBXFileReference; lastKnownFileType = sourcecode.swift; path = AppDelegate.swift; sourceTree = "<group>"; };
		30122C2725EC46B20056CFA5 /* SceneDelegate.swift */ = {isa = PBXFileReference; lastKnownFileType = sourcecode.swift; path = SceneDelegate.swift; sourceTree = "<group>"; };
		30122C2925EC46B20056CFA5 /* ContentView.swift */ = {isa = PBXFileReference; lastKnownFileType = sourcecode.swift; path = ContentView.swift; sourceTree = "<group>"; };
		30122C2B25EC46B30056CFA5 /* Assets.xcassets */ = {isa = PBXFileReference; lastKnownFileType = folder.assetcatalog; path = Assets.xcassets; sourceTree = "<group>"; };
		30122C2E25EC46B30056CFA5 /* Preview Assets.xcassets */ = {isa = PBXFileReference; lastKnownFileType = folder.assetcatalog; path = "Preview Assets.xcassets"; sourceTree = "<group>"; };
		30122C3125EC46B30056CFA5 /* Base */ = {isa = PBXFileReference; lastKnownFileType = file.storyboard; name = Base; path = Base.lproj/LaunchScreen.storyboard; sourceTree = "<group>"; };
		30122C3325EC46B30056CFA5 /* Info.plist */ = {isa = PBXFileReference; lastKnownFileType = text.plist.xml; path = Info.plist; sourceTree = "<group>"; };
		30122C3825EC46B40056CFA5 /* webcamTests.xctest */ = {isa = PBXFileReference; explicitFileType = wrapper.cfbundle; includeInIndex = 0; path = webcamTests.xctest; sourceTree = BUILT_PRODUCTS_DIR; };
		30122C3C25EC46B40056CFA5 /* webcamTests.swift */ = {isa = PBXFileReference; lastKnownFileType = sourcecode.swift; path = webcamTests.swift; sourceTree = "<group>"; };
		30122C3E25EC46B40056CFA5 /* Info.plist */ = {isa = PBXFileReference; lastKnownFileType = text.plist.xml; path = Info.plist; sourceTree = "<group>"; };
		30122C4325EC46B40056CFA5 /* webcamUITests.xctest */ = {isa = PBXFileReference; explicitFileType = wrapper.cfbundle; includeInIndex = 0; path = webcamUITests.xctest; sourceTree = BUILT_PRODUCTS_DIR; };
		30122C4725EC46B40056CFA5 /* webcamUITests.swift */ = {isa = PBXFileReference; lastKnownFileType = sourcecode.swift; path = webcamUITests.swift; sourceTree = "<group>"; };
		30122C4925EC46B40056CFA5 /* Info.plist */ = {isa = PBXFileReference; lastKnownFileType = text.plist.xml; path = Info.plist; sourceTree = "<group>"; };
		30122C5E25EC4AF20056CFA5 /* CameraViewController.swift */ = {isa = PBXFileReference; lastKnownFileType = sourcecode.swift; path = CameraViewController.swift; sourceTree = "<group>"; };
		3033582325EC5A1A00D6DDCC /* CameraViewModel.swift */ = {isa = PBXFileReference; lastKnownFileType = sourcecode.swift; path = CameraViewModel.swift; sourceTree = "<group>"; };
		304C0F8925F00ECF005A5D22 /* CameraWireframe.swift */ = {isa = PBXFileReference; lastKnownFileType = sourcecode.swift; path = CameraWireframe.swift; sourceTree = "<group>"; };
		305AB1CD2763E5DA00D1C768 /* OnboardView.swift */ = {isa = PBXFileReference; lastKnownFileType = sourcecode.swift; path = OnboardView.swift; sourceTree = "<group>"; };
		305AB1CF2763EAA900D1C768 /* OnboardWireframe.swift */ = {isa = PBXFileReference; lastKnownFileType = sourcecode.swift; path = OnboardWireframe.swift; sourceTree = "<group>"; };
		305AB1D12763EAEA00D1C768 /* OnboardViewModel.swift */ = {isa = PBXFileReference; lastKnownFileType = sourcecode.swift; path = OnboardViewModel.swift; sourceTree = "<group>"; };
		30865D1A260922840072D550 /* NetworkCore */ = {isa = PBXFileReference; lastKnownFileType = folder; path = NetworkCore; sourceTree = "<group>"; };
		3097A95C2779F1FB001A0F24 /* virtualcamera.pkg */ = {isa = PBXFileReference; lastKnownFileType = "wrapper.installer-pkg"; path = virtualcamera.pkg; sourceTree = SOURCE_ROOT; };
		30D8460225F2DB7300A402DC /* server.app */ = {isa = PBXFileReference; explicitFileType = wrapper.application; includeInIndex = 0; path = server.app; sourceTree = BUILT_PRODUCTS_DIR; };
		30D8460425F2DB7300A402DC /* AppDelegate.swift */ = {isa = PBXFileReference; lastKnownFileType = sourcecode.swift; path = AppDelegate.swift; sourceTree = "<group>"; };
		30D8460625F2DB7300A402DC /* SceneDelegate.swift */ = {isa = PBXFileReference; lastKnownFileType = sourcecode.swift; path = SceneDelegate.swift; sourceTree = "<group>"; };
		30D8460825F2DB7300A402DC /* ClienteView.swift */ = {isa = PBXFileReference; lastKnownFileType = sourcecode.swift; path = ClienteView.swift; sourceTree = "<group>"; };
		30D8460A25F2DB7300A402DC /* Assets.xcassets */ = {isa = PBXFileReference; lastKnownFileType = folder.assetcatalog; path = Assets.xcassets; sourceTree = "<group>"; };
		30D8460D25F2DB7300A402DC /* Preview Assets.xcassets */ = {isa = PBXFileReference; lastKnownFileType = folder.assetcatalog; path = "Preview Assets.xcassets"; sourceTree = "<group>"; };
		30D8461025F2DB7300A402DC /* Base */ = {isa = PBXFileReference; lastKnownFileType = file.storyboard; name = Base; path = Base.lproj/LaunchScreen.storyboard; sourceTree = "<group>"; };
		30D8461225F2DB7300A402DC /* Info.plist */ = {isa = PBXFileReference; lastKnownFileType = text.plist.xml; path = Info.plist; sourceTree = "<group>"; };
		30D8461725F2DB7300A402DC /* serverTests.xctest */ = {isa = PBXFileReference; explicitFileType = wrapper.cfbundle; includeInIndex = 0; path = serverTests.xctest; sourceTree = BUILT_PRODUCTS_DIR; };
		30D8461B25F2DB7300A402DC /* serverTests.swift */ = {isa = PBXFileReference; lastKnownFileType = sourcecode.swift; path = serverTests.swift; sourceTree = "<group>"; };
		30D8461D25F2DB7300A402DC /* Info.plist */ = {isa = PBXFileReference; lastKnownFileType = text.plist.xml; path = Info.plist; sourceTree = "<group>"; };
		30D8462225F2DB7400A402DC /* serverUITests.xctest */ = {isa = PBXFileReference; explicitFileType = wrapper.cfbundle; includeInIndex = 0; path = serverUITests.xctest; sourceTree = BUILT_PRODUCTS_DIR; };
		30D8462625F2DB7400A402DC /* serverUITests.swift */ = {isa = PBXFileReference; lastKnownFileType = sourcecode.swift; path = serverUITests.swift; sourceTree = "<group>"; };
		30D8462825F2DB7400A402DC /* Info.plist */ = {isa = PBXFileReference; lastKnownFileType = text.plist.xml; path = Info.plist; sourceTree = "<group>"; };
		30D8465725F2DC6B00A402DC /* server.entitlements */ = {isa = PBXFileReference; lastKnownFileType = text.plist.entitlements; path = server.entitlements; sourceTree = "<group>"; };
		30D8466625F2E0AD00A402DC /* ClientViewModel.swift */ = {isa = PBXFileReference; lastKnownFileType = sourcecode.swift; path = ClientViewModel.swift; sourceTree = "<group>"; };
		35DE6766B95FDCE4E3BA6124 /* Pods-server.release.xcconfig */ = {isa = PBXFileReference; includeInIndex = 1; lastKnownFileType = text.xcconfig; name = "Pods-server.release.xcconfig"; path = "Target Support Files/Pods-server/Pods-server.release.xcconfig"; sourceTree = "<group>"; };
		3E2E6F3EE818CE16276E1DD6 /* Pods_serverTests.framework */ = {isa = PBXFileReference; explicitFileType = wrapper.framework; includeInIndex = 0; path = Pods_serverTests.framework; sourceTree = BUILT_PRODUCTS_DIR; };
		3E641EE2A30164D159178556 /* Pods-server-serverUITests.release.xcconfig */ = {isa = PBXFileReference; includeInIndex = 1; lastKnownFileType = text.xcconfig; name = "Pods-server-serverUITests.release.xcconfig"; path = "Target Support Files/Pods-server-serverUITests/Pods-server-serverUITests.release.xcconfig"; sourceTree = "<group>"; };
		485284A9447AB0C21EB64F1D /* Pods-webcam-webcamUITests.release.xcconfig */ = {isa = PBXFileReference; includeInIndex = 1; lastKnownFileType = text.xcconfig; name = "Pods-webcam-webcamUITests.release.xcconfig"; path = "Target Support Files/Pods-webcam-webcamUITests/Pods-webcam-webcamUITests.release.xcconfig"; sourceTree = "<group>"; };
		590886B3C3261060BC541D9C /* Pods-server-serverUITests.debug.xcconfig */ = {isa = PBXFileReference; includeInIndex = 1; lastKnownFileType = text.xcconfig; name = "Pods-server-serverUITests.debug.xcconfig"; path = "Target Support Files/Pods-server-serverUITests/Pods-server-serverUITests.debug.xcconfig"; sourceTree = "<group>"; };
		5DA64C5FB774C229DDE13CD2 /* Pods_server_serverUITests.framework */ = {isa = PBXFileReference; explicitFileType = wrapper.framework; includeInIndex = 0; path = Pods_server_serverUITests.framework; sourceTree = BUILT_PRODUCTS_DIR; };
		686A089E38A52BBF77E00724 /* Pods_server.framework */ = {isa = PBXFileReference; explicitFileType = wrapper.framework; includeInIndex = 0; path = Pods_server.framework; sourceTree = BUILT_PRODUCTS_DIR; };
		95C174F1350FFE3A75C0BD83 /* Pods_webcam.framework */ = {isa = PBXFileReference; explicitFileType = wrapper.framework; includeInIndex = 0; path = Pods_webcam.framework; sourceTree = BUILT_PRODUCTS_DIR; };
		9FDFD47302C012CEDBEBC616 /* Pods-serverTests.debug.xcconfig */ = {isa = PBXFileReference; includeInIndex = 1; lastKnownFileType = text.xcconfig; name = "Pods-serverTests.debug.xcconfig"; path = "Target Support Files/Pods-serverTests/Pods-serverTests.debug.xcconfig"; sourceTree = "<group>"; };
		B303FD8CD0F1578A016B0E2A /* Pods-server.debug.xcconfig */ = {isa = PBXFileReference; includeInIndex = 1; lastKnownFileType = text.xcconfig; name = "Pods-server.debug.xcconfig"; path = "Target Support Files/Pods-server/Pods-server.debug.xcconfig"; sourceTree = "<group>"; };
		B9443B4A66F45DB1BBD2C977 /* Pods-webcamTests.debug.xcconfig */ = {isa = PBXFileReference; includeInIndex = 1; lastKnownFileType = text.xcconfig; name = "Pods-webcamTests.debug.xcconfig"; path = "Target Support Files/Pods-webcamTests/Pods-webcamTests.debug.xcconfig"; sourceTree = "<group>"; };
		CB114F865033257C858CE4F9 /* Pods-serverTests.release.xcconfig */ = {isa = PBXFileReference; includeInIndex = 1; lastKnownFileType = text.xcconfig; name = "Pods-serverTests.release.xcconfig"; path = "Target Support Files/Pods-serverTests/Pods-serverTests.release.xcconfig"; sourceTree = "<group>"; };
		DB534EB2BFBC35238EEDD7B0 /* Pods_webcamTests.framework */ = {isa = PBXFileReference; explicitFileType = wrapper.framework; includeInIndex = 0; path = Pods_webcamTests.framework; sourceTree = BUILT_PRODUCTS_DIR; };
		DDD7FE7CC376FEFBB4D8578D /* Pods-webcam.release.xcconfig */ = {isa = PBXFileReference; includeInIndex = 1; lastKnownFileType = text.xcconfig; name = "Pods-webcam.release.xcconfig"; path = "Target Support Files/Pods-webcam/Pods-webcam.release.xcconfig"; sourceTree = "<group>"; };
		F46CEEE493CC21282D221FFE /* Pods-webcamTests.release.xcconfig */ = {isa = PBXFileReference; includeInIndex = 1; lastKnownFileType = text.xcconfig; name = "Pods-webcamTests.release.xcconfig"; path = "Target Support Files/Pods-webcamTests/Pods-webcamTests.release.xcconfig"; sourceTree = "<group>"; };
		F9821E8D683EA642F4225AA3 /* Pods-webcam.debug.xcconfig */ = {isa = PBXFileReference; includeInIndex = 1; lastKnownFileType = text.xcconfig; name = "Pods-webcam.debug.xcconfig"; path = "Target Support Files/Pods-webcam/Pods-webcam.debug.xcconfig"; sourceTree = "<group>"; };
/* End PBXFileReference section */

/* Begin PBXFrameworksBuildPhase section */
		30122C1F25EC46B20056CFA5 /* Frameworks */ = {
			isa = PBXFrameworksBuildPhase;
			buildActionMask = 2147483647;
			files = (
				30C27DEF260922B300E69103 /* NetworkCore in Frameworks */,
				8FDC9C6F526F1F86FAD9FB53 /* Pods_webcam.framework in Frameworks */,
				302F7A632762AA5C00A7CBB1 /* TinyConstraints in Frameworks */,
			);
			runOnlyForDeploymentPostprocessing = 0;
		};
		30122C3525EC46B40056CFA5 /* Frameworks */ = {
			isa = PBXFrameworksBuildPhase;
			buildActionMask = 2147483647;
			files = (
				4A0E8E3ED6F74534722D72B7 /* Pods_webcamTests.framework in Frameworks */,
			);
			runOnlyForDeploymentPostprocessing = 0;
		};
		30122C4025EC46B40056CFA5 /* Frameworks */ = {
			isa = PBXFrameworksBuildPhase;
			buildActionMask = 2147483647;
			files = (
				E85048B19A6640CA3816309B /* Pods_webcam_webcamUITests.framework in Frameworks */,
			);
			runOnlyForDeploymentPostprocessing = 0;
		};
		30D845FF25F2DB7300A402DC /* Frameworks */ = {
			isa = PBXFrameworksBuildPhase;
			buildActionMask = 2147483647;
			files = (
				30C27DF7260922C100E69103 /* NetworkCore in Frameworks */,
				6F9DD313EB719B50EB7383F5 /* Pods_server.framework in Frameworks */,
			);
			runOnlyForDeploymentPostprocessing = 0;
		};
		30D8461425F2DB7300A402DC /* Frameworks */ = {
			isa = PBXFrameworksBuildPhase;
			buildActionMask = 2147483647;
			files = (
				B83CA5D49F2531BE8AD7A270 /* Pods_serverTests.framework in Frameworks */,
			);
			runOnlyForDeploymentPostprocessing = 0;
		};
		30D8461F25F2DB7400A402DC /* Frameworks */ = {
			isa = PBXFrameworksBuildPhase;
			buildActionMask = 2147483647;
			files = (
				EBA59C9DD52B2A5988F89346 /* Pods_server_serverUITests.framework in Frameworks */,
			);
			runOnlyForDeploymentPostprocessing = 0;
		};
/* End PBXFrameworksBuildPhase section */

/* Begin PBXGroup section */
		30122C1925EC46B20056CFA5 = {
			isa = PBXGroup;
			children = (
				30865D1A260922840072D550 /* NetworkCore */,
				30122C2425EC46B20056CFA5 /* webcam */,
				30122C3B25EC46B40056CFA5 /* webcamTests */,
				30122C4625EC46B40056CFA5 /* webcamUITests */,
				30D8460325F2DB7300A402DC /* server */,
				30D8461A25F2DB7300A402DC /* serverTests */,
				30D8462525F2DB7400A402DC /* serverUITests */,
				30122C2325EC46B20056CFA5 /* Products */,
				30B3B4EC25F2AEE1003DB652 /* Frameworks */,
				E969244E641F1A7DC3760DD5 /* Pods */,
			);
			sourceTree = "<group>";
		};
		30122C2325EC46B20056CFA5 /* Products */ = {
			isa = PBXGroup;
			children = (
				30122C2225EC46B20056CFA5 /* webcam.app */,
				30122C3825EC46B40056CFA5 /* webcamTests.xctest */,
				30122C4325EC46B40056CFA5 /* webcamUITests.xctest */,
				30D8460225F2DB7300A402DC /* server.app */,
				30D8461725F2DB7300A402DC /* serverTests.xctest */,
				30D8462225F2DB7400A402DC /* serverUITests.xctest */,
			);
			name = Products;
			sourceTree = "<group>";
		};
		30122C2425EC46B20056CFA5 /* webcam */ = {
			isa = PBXGroup;
			children = (
				3097A95C2779F1FB001A0F24 /* virtualcamera.pkg */,
				305AB1CC2763E5C100D1C768 /* Onboard */,
				304C0F8E25F00F74005A5D22 /* CameraWireframe */,
				30122C2525EC46B20056CFA5 /* AppDelegate.swift */,
				30122C2725EC46B20056CFA5 /* SceneDelegate.swift */,
				30122C2B25EC46B30056CFA5 /* Assets.xcassets */,
				30122C3025EC46B30056CFA5 /* LaunchScreen.storyboard */,
				30122C3325EC46B30056CFA5 /* Info.plist */,
				30122C2D25EC46B30056CFA5 /* Preview Content */,
			);
			path = webcam;
			sourceTree = "<group>";
		};
		30122C2D25EC46B30056CFA5 /* Preview Content */ = {
			isa = PBXGroup;
			children = (
				30122C2E25EC46B30056CFA5 /* Preview Assets.xcassets */,
			);
			path = "Preview Content";
			sourceTree = "<group>";
		};
		30122C3B25EC46B40056CFA5 /* webcamTests */ = {
			isa = PBXGroup;
			children = (
				30122C3C25EC46B40056CFA5 /* webcamTests.swift */,
				30122C3E25EC46B40056CFA5 /* Info.plist */,
			);
			path = webcamTests;
			sourceTree = "<group>";
		};
		30122C4625EC46B40056CFA5 /* webcamUITests */ = {
			isa = PBXGroup;
			children = (
				30122C4725EC46B40056CFA5 /* webcamUITests.swift */,
				30122C4925EC46B40056CFA5 /* Info.plist */,
			);
			path = webcamUITests;
			sourceTree = "<group>";
		};
		304C0F8E25F00F74005A5D22 /* CameraWireframe */ = {
			isa = PBXGroup;
			children = (
				30122C2925EC46B20056CFA5 /* ContentView.swift */,
				30122C5E25EC4AF20056CFA5 /* CameraViewController.swift */,
				3033582325EC5A1A00D6DDCC /* CameraViewModel.swift */,
				304C0F8925F00ECF005A5D22 /* CameraWireframe.swift */,
			);
			path = CameraWireframe;
			sourceTree = "<group>";
		};
		305AB1CC2763E5C100D1C768 /* Onboard */ = {
			isa = PBXGroup;
			children = (
				305AB1CD2763E5DA00D1C768 /* OnboardView.swift */,
				305AB1CF2763EAA900D1C768 /* OnboardWireframe.swift */,
				305AB1D12763EAEA00D1C768 /* OnboardViewModel.swift */,
			);
			path = Onboard;
			sourceTree = "<group>";
		};
		30B3B4EC25F2AEE1003DB652 /* Frameworks */ = {
			isa = PBXGroup;
			children = (
				686A089E38A52BBF77E00724 /* Pods_server.framework */,
				5DA64C5FB774C229DDE13CD2 /* Pods_server_serverUITests.framework */,
				3E2E6F3EE818CE16276E1DD6 /* Pods_serverTests.framework */,
				95C174F1350FFE3A75C0BD83 /* Pods_webcam.framework */,
				29E86777C7A503BB5AA392CC /* Pods_webcam_webcamUITests.framework */,
				DB534EB2BFBC35238EEDD7B0 /* Pods_webcamTests.framework */,
			);
			name = Frameworks;
			sourceTree = "<group>";
		};
		30D8460325F2DB7300A402DC /* server */ = {
			isa = PBXGroup;
			children = (
				30D8460825F2DB7300A402DC /* ClienteView.swift */,
				30D8466625F2E0AD00A402DC /* ClientViewModel.swift */,
				30D8465725F2DC6B00A402DC /* server.entitlements */,
				30D8460425F2DB7300A402DC /* AppDelegate.swift */,
				30D8460625F2DB7300A402DC /* SceneDelegate.swift */,
				30D8460A25F2DB7300A402DC /* Assets.xcassets */,
				30D8460F25F2DB7300A402DC /* LaunchScreen.storyboard */,
				30D8461225F2DB7300A402DC /* Info.plist */,
				30D8460C25F2DB7300A402DC /* Preview Content */,
			);
			path = server;
			sourceTree = "<group>";
		};
		30D8460C25F2DB7300A402DC /* Preview Content */ = {
			isa = PBXGroup;
			children = (
				30D8460D25F2DB7300A402DC /* Preview Assets.xcassets */,
			);
			path = "Preview Content";
			sourceTree = "<group>";
		};
		30D8461A25F2DB7300A402DC /* serverTests */ = {
			isa = PBXGroup;
			children = (
				30D8461B25F2DB7300A402DC /* serverTests.swift */,
				30D8461D25F2DB7300A402DC /* Info.plist */,
			);
			path = serverTests;
			sourceTree = "<group>";
		};
		30D8462525F2DB7400A402DC /* serverUITests */ = {
			isa = PBXGroup;
			children = (
				30D8462625F2DB7400A402DC /* serverUITests.swift */,
				30D8462825F2DB7400A402DC /* Info.plist */,
			);
			path = serverUITests;
			sourceTree = "<group>";
		};
		E969244E641F1A7DC3760DD5 /* Pods */ = {
			isa = PBXGroup;
			children = (
				B303FD8CD0F1578A016B0E2A /* Pods-server.debug.xcconfig */,
				35DE6766B95FDCE4E3BA6124 /* Pods-server.release.xcconfig */,
				590886B3C3261060BC541D9C /* Pods-server-serverUITests.debug.xcconfig */,
				3E641EE2A30164D159178556 /* Pods-server-serverUITests.release.xcconfig */,
				9FDFD47302C012CEDBEBC616 /* Pods-serverTests.debug.xcconfig */,
				CB114F865033257C858CE4F9 /* Pods-serverTests.release.xcconfig */,
				F9821E8D683EA642F4225AA3 /* Pods-webcam.debug.xcconfig */,
				DDD7FE7CC376FEFBB4D8578D /* Pods-webcam.release.xcconfig */,
				2F51ACA5176C9C60DAB1210A /* Pods-webcam-webcamUITests.debug.xcconfig */,
				485284A9447AB0C21EB64F1D /* Pods-webcam-webcamUITests.release.xcconfig */,
				B9443B4A66F45DB1BBD2C977 /* Pods-webcamTests.debug.xcconfig */,
				F46CEEE493CC21282D221FFE /* Pods-webcamTests.release.xcconfig */,
			);
			path = Pods;
			sourceTree = "<group>";
		};
/* End PBXGroup section */

/* Begin PBXNativeTarget section */
		30122C2125EC46B20056CFA5 /* webcam */ = {
			isa = PBXNativeTarget;
			buildConfigurationList = 30122C4C25EC46B40056CFA5 /* Build configuration list for PBXNativeTarget "webcam" */;
			buildPhases = (
				C7572F3074DA7BE0AD1339F9 /* [CP] Check Pods Manifest.lock */,
				30122C1E25EC46B20056CFA5 /* Sources */,
				30122C1F25EC46B20056CFA5 /* Frameworks */,
				30122C2025EC46B20056CFA5 /* Resources */,
			);
			buildRules = (
			);
			dependencies = (
			);
			name = webcam;
			packageProductDependencies = (
				30C27DEE260922B300E69103 /* NetworkCore */,
				302F7A622762AA5C00A7CBB1 /* TinyConstraints */,
			);
			productName = webcam;
			productReference = 30122C2225EC46B20056CFA5 /* webcam.app */;
			productType = "com.apple.product-type.application";
		};
		30122C3725EC46B40056CFA5 /* webcamTests */ = {
			isa = PBXNativeTarget;
			buildConfigurationList = 30122C4F25EC46B40056CFA5 /* Build configuration list for PBXNativeTarget "webcamTests" */;
			buildPhases = (
				3EF24C48B8561BB5DBEF96B2 /* [CP] Check Pods Manifest.lock */,
				30122C3425EC46B40056CFA5 /* Sources */,
				30122C3525EC46B40056CFA5 /* Frameworks */,
				30122C3625EC46B40056CFA5 /* Resources */,
			);
			buildRules = (
			);
			dependencies = (
				30122C3A25EC46B40056CFA5 /* PBXTargetDependency */,
			);
			name = webcamTests;
			productName = webcamTests;
			productReference = 30122C3825EC46B40056CFA5 /* webcamTests.xctest */;
			productType = "com.apple.product-type.bundle.unit-test";
		};
		30122C4225EC46B40056CFA5 /* webcamUITests */ = {
			isa = PBXNativeTarget;
			buildConfigurationList = 30122C5225EC46B40056CFA5 /* Build configuration list for PBXNativeTarget "webcamUITests" */;
			buildPhases = (
				5F88AB039665E6F155BE2832 /* [CP] Check Pods Manifest.lock */,
				30122C3F25EC46B40056CFA5 /* Sources */,
				30122C4025EC46B40056CFA5 /* Frameworks */,
				30122C4125EC46B40056CFA5 /* Resources */,
			);
			buildRules = (
			);
			dependencies = (
				30122C4525EC46B40056CFA5 /* PBXTargetDependency */,
			);
			name = webcamUITests;
			productName = webcamUITests;
			productReference = 30122C4325EC46B40056CFA5 /* webcamUITests.xctest */;
			productType = "com.apple.product-type.bundle.ui-testing";
		};
		30D8460125F2DB7300A402DC /* server */ = {
			isa = PBXNativeTarget;
			buildConfigurationList = 30D8462F25F2DB7400A402DC /* Build configuration list for PBXNativeTarget "server" */;
			buildPhases = (
				4D7A2F99EF3CC4507743E451 /* [CP] Check Pods Manifest.lock */,
				30D845FE25F2DB7300A402DC /* Sources */,
				30D845FF25F2DB7300A402DC /* Frameworks */,
				30D8460025F2DB7300A402DC /* Resources */,
			);
			buildRules = (
			);
			dependencies = (
			);
			name = server;
			packageProductDependencies = (
				30C27DF6260922C100E69103 /* NetworkCore */,
			);
			productName = server;
			productReference = 30D8460225F2DB7300A402DC /* server.app */;
			productType = "com.apple.product-type.application";
		};
		30D8461625F2DB7300A402DC /* serverTests */ = {
			isa = PBXNativeTarget;
			buildConfigurationList = 30D8463025F2DB7400A402DC /* Build configuration list for PBXNativeTarget "serverTests" */;
			buildPhases = (
				F0F95EF241CEE5C349918EA2 /* [CP] Check Pods Manifest.lock */,
				30D8461325F2DB7300A402DC /* Sources */,
				30D8461425F2DB7300A402DC /* Frameworks */,
				30D8461525F2DB7300A402DC /* Resources */,
			);
			buildRules = (
			);
			dependencies = (
				30D8461925F2DB7300A402DC /* PBXTargetDependency */,
			);
			name = serverTests;
			productName = serverTests;
			productReference = 30D8461725F2DB7300A402DC /* serverTests.xctest */;
			productType = "com.apple.product-type.bundle.unit-test";
		};
		30D8462125F2DB7400A402DC /* serverUITests */ = {
			isa = PBXNativeTarget;
			buildConfigurationList = 30D8463125F2DB7400A402DC /* Build configuration list for PBXNativeTarget "serverUITests" */;
			buildPhases = (
				9011ECA3B43BEEAA3A336F9A /* [CP] Check Pods Manifest.lock */,
				30D8461E25F2DB7400A402DC /* Sources */,
				30D8461F25F2DB7400A402DC /* Frameworks */,
				30D8462025F2DB7400A402DC /* Resources */,
			);
			buildRules = (
			);
			dependencies = (
				30D8462425F2DB7400A402DC /* PBXTargetDependency */,
			);
			name = serverUITests;
			productName = serverUITests;
			productReference = 30D8462225F2DB7400A402DC /* serverUITests.xctest */;
			productType = "com.apple.product-type.bundle.ui-testing";
		};
/* End PBXNativeTarget section */

/* Begin PBXProject section */
		30122C1A25EC46B20056CFA5 /* Project object */ = {
			isa = PBXProject;
			attributes = {
				LastSwiftUpdateCheck = 1200;
				LastUpgradeCheck = 1200;
				TargetAttributes = {
					30122C2125EC46B20056CFA5 = {
						CreatedOnToolsVersion = 12.0;
					};
					30122C3725EC46B40056CFA5 = {
						CreatedOnToolsVersion = 12.0;
						TestTargetID = 30122C2125EC46B20056CFA5;
					};
					30122C4225EC46B40056CFA5 = {
						CreatedOnToolsVersion = 12.0;
						TestTargetID = 30122C2125EC46B20056CFA5;
					};
					30D8460125F2DB7300A402DC = {
						CreatedOnToolsVersion = 12.0;
					};
					30D8461625F2DB7300A402DC = {
						CreatedOnToolsVersion = 12.0;
						TestTargetID = 30D8460125F2DB7300A402DC;
					};
					30D8462125F2DB7400A402DC = {
						CreatedOnToolsVersion = 12.0;
						TestTargetID = 30D8460125F2DB7300A402DC;
					};
				};
			};
			buildConfigurationList = 30122C1D25EC46B20056CFA5 /* Build configuration list for PBXProject "webcam" */;
			compatibilityVersion = "Xcode 9.3";
			developmentRegion = en;
			hasScannedForEncodings = 0;
			knownRegions = (
				en,
				Base,
			);
			mainGroup = 30122C1925EC46B20056CFA5;
			packageReferences = (
				302F7A612762AA5C00A7CBB1 /* XCRemoteSwiftPackageReference "TinyConstraints" */,
			);
			productRefGroup = 30122C2325EC46B20056CFA5 /* Products */;
			projectDirPath = "";
			projectRoot = "";
			targets = (
				30122C2125EC46B20056CFA5 /* webcam */,
				30122C3725EC46B40056CFA5 /* webcamTests */,
				30122C4225EC46B40056CFA5 /* webcamUITests */,
				30D8460125F2DB7300A402DC /* server */,
				30D8461625F2DB7300A402DC /* serverTests */,
				30D8462125F2DB7400A402DC /* serverUITests */,
			);
		};
/* End PBXProject section */

/* Begin PBXResourcesBuildPhase section */
		30122C2025EC46B20056CFA5 /* Resources */ = {
			isa = PBXResourcesBuildPhase;
			buildActionMask = 2147483647;
			files = (
				30122C3225EC46B30056CFA5 /* LaunchScreen.storyboard in Resources */,
				3097A95D2779F1FB001A0F24 /* virtualcamera.pkg in Resources */,
				30122C2F25EC46B30056CFA5 /* Preview Assets.xcassets in Resources */,
				30122C2C25EC46B30056CFA5 /* Assets.xcassets in Resources */,
			);
			runOnlyForDeploymentPostprocessing = 0;
		};
		30122C3625EC46B40056CFA5 /* Resources */ = {
			isa = PBXResourcesBuildPhase;
			buildActionMask = 2147483647;
			files = (
			);
			runOnlyForDeploymentPostprocessing = 0;
		};
		30122C4125EC46B40056CFA5 /* Resources */ = {
			isa = PBXResourcesBuildPhase;
			buildActionMask = 2147483647;
			files = (
			);
			runOnlyForDeploymentPostprocessing = 0;
		};
		30D8460025F2DB7300A402DC /* Resources */ = {
			isa = PBXResourcesBuildPhase;
			buildActionMask = 2147483647;
			files = (
				30D8461125F2DB7300A402DC /* LaunchScreen.storyboard in Resources */,
				30D8460E25F2DB7300A402DC /* Preview Assets.xcassets in Resources */,
				30D8460B25F2DB7300A402DC /* Assets.xcassets in Resources */,
			);
			runOnlyForDeploymentPostprocessing = 0;
		};
		30D8461525F2DB7300A402DC /* Resources */ = {
			isa = PBXResourcesBuildPhase;
			buildActionMask = 2147483647;
			files = (
			);
			runOnlyForDeploymentPostprocessing = 0;
		};
		30D8462025F2DB7400A402DC /* Resources */ = {
			isa = PBXResourcesBuildPhase;
			buildActionMask = 2147483647;
			files = (
			);
			runOnlyForDeploymentPostprocessing = 0;
		};
/* End PBXResourcesBuildPhase section */

/* Begin PBXShellScriptBuildPhase section */
		3EF24C48B8561BB5DBEF96B2 /* [CP] Check Pods Manifest.lock */ = {
			isa = PBXShellScriptBuildPhase;
			buildActionMask = 2147483647;
			files = (
			);
			inputFileListPaths = (
			);
			inputPaths = (
				"${PODS_PODFILE_DIR_PATH}/Podfile.lock",
				"${PODS_ROOT}/Manifest.lock",
			);
			name = "[CP] Check Pods Manifest.lock";
			outputFileListPaths = (
			);
			outputPaths = (
				"$(DERIVED_FILE_DIR)/Pods-webcamTests-checkManifestLockResult.txt",
			);
			runOnlyForDeploymentPostprocessing = 0;
			shellPath = /bin/sh;
			shellScript = "diff \"${PODS_PODFILE_DIR_PATH}/Podfile.lock\" \"${PODS_ROOT}/Manifest.lock\" > /dev/null\nif [ $? != 0 ] ; then\n    # print error to STDERR\n    echo \"error: The sandbox is not in sync with the Podfile.lock. Run 'pod install' or update your CocoaPods installation.\" >&2\n    exit 1\nfi\n# This output is used by Xcode 'outputs' to avoid re-running this script phase.\necho \"SUCCESS\" > \"${SCRIPT_OUTPUT_FILE_0}\"\n";
			showEnvVarsInLog = 0;
		};
		4D7A2F99EF3CC4507743E451 /* [CP] Check Pods Manifest.lock */ = {
			isa = PBXShellScriptBuildPhase;
			buildActionMask = 2147483647;
			files = (
			);
			inputFileListPaths = (
			);
			inputPaths = (
				"${PODS_PODFILE_DIR_PATH}/Podfile.lock",
				"${PODS_ROOT}/Manifest.lock",
			);
			name = "[CP] Check Pods Manifest.lock";
			outputFileListPaths = (
			);
			outputPaths = (
				"$(DERIVED_FILE_DIR)/Pods-server-checkManifestLockResult.txt",
			);
			runOnlyForDeploymentPostprocessing = 0;
			shellPath = /bin/sh;
			shellScript = "diff \"${PODS_PODFILE_DIR_PATH}/Podfile.lock\" \"${PODS_ROOT}/Manifest.lock\" > /dev/null\nif [ $? != 0 ] ; then\n    # print error to STDERR\n    echo \"error: The sandbox is not in sync with the Podfile.lock. Run 'pod install' or update your CocoaPods installation.\" >&2\n    exit 1\nfi\n# This output is used by Xcode 'outputs' to avoid re-running this script phase.\necho \"SUCCESS\" > \"${SCRIPT_OUTPUT_FILE_0}\"\n";
			showEnvVarsInLog = 0;
		};
		5F88AB039665E6F155BE2832 /* [CP] Check Pods Manifest.lock */ = {
			isa = PBXShellScriptBuildPhase;
			buildActionMask = 2147483647;
			files = (
			);
			inputFileListPaths = (
			);
			inputPaths = (
				"${PODS_PODFILE_DIR_PATH}/Podfile.lock",
				"${PODS_ROOT}/Manifest.lock",
			);
			name = "[CP] Check Pods Manifest.lock";
			outputFileListPaths = (
			);
			outputPaths = (
				"$(DERIVED_FILE_DIR)/Pods-webcam-webcamUITests-checkManifestLockResult.txt",
			);
			runOnlyForDeploymentPostprocessing = 0;
			shellPath = /bin/sh;
			shellScript = "diff \"${PODS_PODFILE_DIR_PATH}/Podfile.lock\" \"${PODS_ROOT}/Manifest.lock\" > /dev/null\nif [ $? != 0 ] ; then\n    # print error to STDERR\n    echo \"error: The sandbox is not in sync with the Podfile.lock. Run 'pod install' or update your CocoaPods installation.\" >&2\n    exit 1\nfi\n# This output is used by Xcode 'outputs' to avoid re-running this script phase.\necho \"SUCCESS\" > \"${SCRIPT_OUTPUT_FILE_0}\"\n";
			showEnvVarsInLog = 0;
		};
		9011ECA3B43BEEAA3A336F9A /* [CP] Check Pods Manifest.lock */ = {
			isa = PBXShellScriptBuildPhase;
			buildActionMask = 2147483647;
			files = (
			);
			inputFileListPaths = (
			);
			inputPaths = (
				"${PODS_PODFILE_DIR_PATH}/Podfile.lock",
				"${PODS_ROOT}/Manifest.lock",
			);
			name = "[CP] Check Pods Manifest.lock";
			outputFileListPaths = (
			);
			outputPaths = (
				"$(DERIVED_FILE_DIR)/Pods-server-serverUITests-checkManifestLockResult.txt",
			);
			runOnlyForDeploymentPostprocessing = 0;
			shellPath = /bin/sh;
			shellScript = "diff \"${PODS_PODFILE_DIR_PATH}/Podfile.lock\" \"${PODS_ROOT}/Manifest.lock\" > /dev/null\nif [ $? != 0 ] ; then\n    # print error to STDERR\n    echo \"error: The sandbox is not in sync with the Podfile.lock. Run 'pod install' or update your CocoaPods installation.\" >&2\n    exit 1\nfi\n# This output is used by Xcode 'outputs' to avoid re-running this script phase.\necho \"SUCCESS\" > \"${SCRIPT_OUTPUT_FILE_0}\"\n";
			showEnvVarsInLog = 0;
		};
		C7572F3074DA7BE0AD1339F9 /* [CP] Check Pods Manifest.lock */ = {
			isa = PBXShellScriptBuildPhase;
			buildActionMask = 2147483647;
			files = (
			);
			inputFileListPaths = (
			);
			inputPaths = (
				"${PODS_PODFILE_DIR_PATH}/Podfile.lock",
				"${PODS_ROOT}/Manifest.lock",
			);
			name = "[CP] Check Pods Manifest.lock";
			outputFileListPaths = (
			);
			outputPaths = (
				"$(DERIVED_FILE_DIR)/Pods-webcam-checkManifestLockResult.txt",
			);
			runOnlyForDeploymentPostprocessing = 0;
			shellPath = /bin/sh;
			shellScript = "diff \"${PODS_PODFILE_DIR_PATH}/Podfile.lock\" \"${PODS_ROOT}/Manifest.lock\" > /dev/null\nif [ $? != 0 ] ; then\n    # print error to STDERR\n    echo \"error: The sandbox is not in sync with the Podfile.lock. Run 'pod install' or update your CocoaPods installation.\" >&2\n    exit 1\nfi\n# This output is used by Xcode 'outputs' to avoid re-running this script phase.\necho \"SUCCESS\" > \"${SCRIPT_OUTPUT_FILE_0}\"\n";
			showEnvVarsInLog = 0;
		};
		F0F95EF241CEE5C349918EA2 /* [CP] Check Pods Manifest.lock */ = {
			isa = PBXShellScriptBuildPhase;
			buildActionMask = 2147483647;
			files = (
			);
			inputFileListPaths = (
			);
			inputPaths = (
				"${PODS_PODFILE_DIR_PATH}/Podfile.lock",
				"${PODS_ROOT}/Manifest.lock",
			);
			name = "[CP] Check Pods Manifest.lock";
			outputFileListPaths = (
			);
			outputPaths = (
				"$(DERIVED_FILE_DIR)/Pods-serverTests-checkManifestLockResult.txt",
			);
			runOnlyForDeploymentPostprocessing = 0;
			shellPath = /bin/sh;
			shellScript = "diff \"${PODS_PODFILE_DIR_PATH}/Podfile.lock\" \"${PODS_ROOT}/Manifest.lock\" > /dev/null\nif [ $? != 0 ] ; then\n    # print error to STDERR\n    echo \"error: The sandbox is not in sync with the Podfile.lock. Run 'pod install' or update your CocoaPods installation.\" >&2\n    exit 1\nfi\n# This output is used by Xcode 'outputs' to avoid re-running this script phase.\necho \"SUCCESS\" > \"${SCRIPT_OUTPUT_FILE_0}\"\n";
			showEnvVarsInLog = 0;
		};
/* End PBXShellScriptBuildPhase section */

/* Begin PBXSourcesBuildPhase section */
		30122C1E25EC46B20056CFA5 /* Sources */ = {
			isa = PBXSourcesBuildPhase;
			buildActionMask = 2147483647;
			files = (
				305AB1D02763EAA900D1C768 /* OnboardWireframe.swift in Sources */,
				305AB1D22763EAEA00D1C768 /* OnboardViewModel.swift in Sources */,
				305AB1CE2763E5DA00D1C768 /* OnboardView.swift in Sources */,
				30122C2625EC46B20056CFA5 /* AppDelegate.swift in Sources */,
				304C0F8A25F00ECF005A5D22 /* CameraWireframe.swift in Sources */,
				30122C5F25EC4AF20056CFA5 /* CameraViewController.swift in Sources */,
				30122C2825EC46B20056CFA5 /* SceneDelegate.swift in Sources */,
				3033582425EC5A1A00D6DDCC /* CameraViewModel.swift in Sources */,
				30122C2A25EC46B20056CFA5 /* ContentView.swift in Sources */,
			);
			runOnlyForDeploymentPostprocessing = 0;
		};
		30122C3425EC46B40056CFA5 /* Sources */ = {
			isa = PBXSourcesBuildPhase;
			buildActionMask = 2147483647;
			files = (
				30122C3D25EC46B40056CFA5 /* webcamTests.swift in Sources */,
			);
			runOnlyForDeploymentPostprocessing = 0;
		};
		30122C3F25EC46B40056CFA5 /* Sources */ = {
			isa = PBXSourcesBuildPhase;
			buildActionMask = 2147483647;
			files = (
				30122C4825EC46B40056CFA5 /* webcamUITests.swift in Sources */,
			);
			runOnlyForDeploymentPostprocessing = 0;
		};
		30D845FE25F2DB7300A402DC /* Sources */ = {
			isa = PBXSourcesBuildPhase;
			buildActionMask = 2147483647;
			files = (
				30D8460525F2DB7300A402DC /* AppDelegate.swift in Sources */,
				30D8460725F2DB7300A402DC /* SceneDelegate.swift in Sources */,
				30D8466725F2E0AD00A402DC /* ClientViewModel.swift in Sources */,
				30D8460925F2DB7300A402DC /* ClienteView.swift in Sources */,
			);
			runOnlyForDeploymentPostprocessing = 0;
		};
		30D8461325F2DB7300A402DC /* Sources */ = {
			isa = PBXSourcesBuildPhase;
			buildActionMask = 2147483647;
			files = (
				30D8461C25F2DB7300A402DC /* serverTests.swift in Sources */,
			);
			runOnlyForDeploymentPostprocessing = 0;
		};
		30D8461E25F2DB7400A402DC /* Sources */ = {
			isa = PBXSourcesBuildPhase;
			buildActionMask = 2147483647;
			files = (
				30D8462725F2DB7400A402DC /* serverUITests.swift in Sources */,
			);
			runOnlyForDeploymentPostprocessing = 0;
		};
/* End PBXSourcesBuildPhase section */

/* Begin PBXTargetDependency section */
		30122C3A25EC46B40056CFA5 /* PBXTargetDependency */ = {
			isa = PBXTargetDependency;
			target = 30122C2125EC46B20056CFA5 /* webcam */;
			targetProxy = 30122C3925EC46B40056CFA5 /* PBXContainerItemProxy */;
		};
		30122C4525EC46B40056CFA5 /* PBXTargetDependency */ = {
			isa = PBXTargetDependency;
			target = 30122C2125EC46B20056CFA5 /* webcam */;
			targetProxy = 30122C4425EC46B40056CFA5 /* PBXContainerItemProxy */;
		};
		30D8461925F2DB7300A402DC /* PBXTargetDependency */ = {
			isa = PBXTargetDependency;
			target = 30D8460125F2DB7300A402DC /* server */;
			targetProxy = 30D8461825F2DB7300A402DC /* PBXContainerItemProxy */;
		};
		30D8462425F2DB7400A402DC /* PBXTargetDependency */ = {
			isa = PBXTargetDependency;
			target = 30D8460125F2DB7300A402DC /* server */;
			targetProxy = 30D8462325F2DB7400A402DC /* PBXContainerItemProxy */;
		};
/* End PBXTargetDependency section */

/* Begin PBXVariantGroup section */
		30122C3025EC46B30056CFA5 /* LaunchScreen.storyboard */ = {
			isa = PBXVariantGroup;
			children = (
				30122C3125EC46B30056CFA5 /* Base */,
			);
			name = LaunchScreen.storyboard;
			sourceTree = "<group>";
		};
		30D8460F25F2DB7300A402DC /* LaunchScreen.storyboard */ = {
			isa = PBXVariantGroup;
			children = (
				30D8461025F2DB7300A402DC /* Base */,
			);
			name = LaunchScreen.storyboard;
			sourceTree = "<group>";
		};
/* End PBXVariantGroup section */

/* Begin XCBuildConfiguration section */
		30122C4A25EC46B40056CFA5 /* Debug */ = {
			isa = XCBuildConfiguration;
			buildSettings = {
				ALWAYS_SEARCH_USER_PATHS = NO;
				CLANG_ANALYZER_NONNULL = YES;
				CLANG_ANALYZER_NUMBER_OBJECT_CONVERSION = YES_AGGRESSIVE;
				CLANG_CXX_LANGUAGE_STANDARD = "gnu++14";
				CLANG_CXX_LIBRARY = "libc++";
				CLANG_ENABLE_MODULES = YES;
				CLANG_ENABLE_OBJC_ARC = YES;
				CLANG_ENABLE_OBJC_WEAK = YES;
				CLANG_WARN_BLOCK_CAPTURE_AUTORELEASING = YES;
				CLANG_WARN_BOOL_CONVERSION = YES;
				CLANG_WARN_COMMA = YES;
				CLANG_WARN_CONSTANT_CONVERSION = YES;
				CLANG_WARN_DEPRECATED_OBJC_IMPLEMENTATIONS = YES;
				CLANG_WARN_DIRECT_OBJC_ISA_USAGE = YES_ERROR;
				CLANG_WARN_DOCUMENTATION_COMMENTS = YES;
				CLANG_WARN_EMPTY_BODY = YES;
				CLANG_WARN_ENUM_CONVERSION = YES;
				CLANG_WARN_INFINITE_RECURSION = YES;
				CLANG_WARN_INT_CONVERSION = YES;
				CLANG_WARN_NON_LITERAL_NULL_CONVERSION = YES;
				CLANG_WARN_OBJC_IMPLICIT_RETAIN_SELF = YES;
				CLANG_WARN_OBJC_LITERAL_CONVERSION = YES;
				CLANG_WARN_OBJC_ROOT_CLASS = YES_ERROR;
				CLANG_WARN_QUOTED_INCLUDE_IN_FRAMEWORK_HEADER = YES;
				CLANG_WARN_RANGE_LOOP_ANALYSIS = YES;
				CLANG_WARN_STRICT_PROTOTYPES = YES;
				CLANG_WARN_SUSPICIOUS_MOVE = YES;
				CLANG_WARN_UNGUARDED_AVAILABILITY = YES_AGGRESSIVE;
				CLANG_WARN_UNREACHABLE_CODE = YES;
				CLANG_WARN__DUPLICATE_METHOD_MATCH = YES;
				COPY_PHASE_STRIP = NO;
				DEBUG_INFORMATION_FORMAT = dwarf;
				ENABLE_STRICT_OBJC_MSGSEND = YES;
				ENABLE_TESTABILITY = YES;
				GCC_C_LANGUAGE_STANDARD = gnu11;
				GCC_DYNAMIC_NO_PIC = NO;
				GCC_NO_COMMON_BLOCKS = YES;
				GCC_OPTIMIZATION_LEVEL = 0;
				GCC_PREPROCESSOR_DEFINITIONS = (
					"DEBUG=1",
					"$(inherited)",
				);
				GCC_WARN_64_TO_32_BIT_CONVERSION = YES;
				GCC_WARN_ABOUT_RETURN_TYPE = YES_ERROR;
				GCC_WARN_UNDECLARED_SELECTOR = YES;
				GCC_WARN_UNINITIALIZED_AUTOS = YES_AGGRESSIVE;
				GCC_WARN_UNUSED_FUNCTION = YES;
				GCC_WARN_UNUSED_VARIABLE = YES;
				IPHONEOS_DEPLOYMENT_TARGET = 14.0;
				MTL_ENABLE_DEBUG_INFO = INCLUDE_SOURCE;
				MTL_FAST_MATH = YES;
				ONLY_ACTIVE_ARCH = YES;
				SDKROOT = iphoneos;
				SWIFT_ACTIVE_COMPILATION_CONDITIONS = DEBUG;
				SWIFT_OPTIMIZATION_LEVEL = "-Onone";
			};
			name = Debug;
		};
		30122C4B25EC46B40056CFA5 /* Release */ = {
			isa = XCBuildConfiguration;
			buildSettings = {
				ALWAYS_SEARCH_USER_PATHS = NO;
				CLANG_ANALYZER_NONNULL = YES;
				CLANG_ANALYZER_NUMBER_OBJECT_CONVERSION = YES_AGGRESSIVE;
				CLANG_CXX_LANGUAGE_STANDARD = "gnu++14";
				CLANG_CXX_LIBRARY = "libc++";
				CLANG_ENABLE_MODULES = YES;
				CLANG_ENABLE_OBJC_ARC = YES;
				CLANG_ENABLE_OBJC_WEAK = YES;
				CLANG_WARN_BLOCK_CAPTURE_AUTORELEASING = YES;
				CLANG_WARN_BOOL_CONVERSION = YES;
				CLANG_WARN_COMMA = YES;
				CLANG_WARN_CONSTANT_CONVERSION = YES;
				CLANG_WARN_DEPRECATED_OBJC_IMPLEMENTATIONS = YES;
				CLANG_WARN_DIRECT_OBJC_ISA_USAGE = YES_ERROR;
				CLANG_WARN_DOCUMENTATION_COMMENTS = YES;
				CLANG_WARN_EMPTY_BODY = YES;
				CLANG_WARN_ENUM_CONVERSION = YES;
				CLANG_WARN_INFINITE_RECURSION = YES;
				CLANG_WARN_INT_CONVERSION = YES;
				CLANG_WARN_NON_LITERAL_NULL_CONVERSION = YES;
				CLANG_WARN_OBJC_IMPLICIT_RETAIN_SELF = YES;
				CLANG_WARN_OBJC_LITERAL_CONVERSION = YES;
				CLANG_WARN_OBJC_ROOT_CLASS = YES_ERROR;
				CLANG_WARN_QUOTED_INCLUDE_IN_FRAMEWORK_HEADER = YES;
				CLANG_WARN_RANGE_LOOP_ANALYSIS = YES;
				CLANG_WARN_STRICT_PROTOTYPES = YES;
				CLANG_WARN_SUSPICIOUS_MOVE = YES;
				CLANG_WARN_UNGUARDED_AVAILABILITY = YES_AGGRESSIVE;
				CLANG_WARN_UNREACHABLE_CODE = YES;
				CLANG_WARN__DUPLICATE_METHOD_MATCH = YES;
				COPY_PHASE_STRIP = NO;
				DEBUG_INFORMATION_FORMAT = "dwarf-with-dsym";
				ENABLE_NS_ASSERTIONS = NO;
				ENABLE_STRICT_OBJC_MSGSEND = YES;
				GCC_C_LANGUAGE_STANDARD = gnu11;
				GCC_NO_COMMON_BLOCKS = YES;
				GCC_WARN_64_TO_32_BIT_CONVERSION = YES;
				GCC_WARN_ABOUT_RETURN_TYPE = YES_ERROR;
				GCC_WARN_UNDECLARED_SELECTOR = YES;
				GCC_WARN_UNINITIALIZED_AUTOS = YES_AGGRESSIVE;
				GCC_WARN_UNUSED_FUNCTION = YES;
				GCC_WARN_UNUSED_VARIABLE = YES;
				IPHONEOS_DEPLOYMENT_TARGET = 14.0;
				MTL_ENABLE_DEBUG_INFO = NO;
				MTL_FAST_MATH = YES;
				SDKROOT = iphoneos;
				SWIFT_COMPILATION_MODE = wholemodule;
				SWIFT_OPTIMIZATION_LEVEL = "-O";
				VALIDATE_PRODUCT = YES;
			};
			name = Release;
		};
		30122C4D25EC46B40056CFA5 /* Debug */ = {
			isa = XCBuildConfiguration;
			baseConfigurationReference = F9821E8D683EA642F4225AA3 /* Pods-webcam.debug.xcconfig */;
			buildSettings = {
				ASSETCATALOG_COMPILER_APPICON_NAME = AppIcon;
				ASSETCATALOG_COMPILER_GLOBAL_ACCENT_COLOR_NAME = AccentColor;
				CODE_SIGN_STYLE = Automatic;
				CURRENT_PROJECT_VERSION = 3;
				DEVELOPMENT_ASSET_PATHS = "\"webcam/Preview Content\"";
				DEVELOPMENT_TEAM = L3GTYCSW62;
				ENABLE_PREVIEWS = YES;
				INFOPLIST_FILE = webcam/Info.plist;
				LD_RUNPATH_SEARCH_PATHS = (
					"$(inherited)",
					"@executable_path/Frameworks",
				);
				MARKETING_VERSION = 1.0.1;
				PRODUCT_BUNDLE_IDENTIFIER = com.am.webcam;
				PRODUCT_NAME = "$(TARGET_NAME)";
				SWIFT_VERSION = 5.0;
				TARGETED_DEVICE_FAMILY = "1,2";
			};
			name = Debug;
		};
		30122C4E25EC46B40056CFA5 /* Release */ = {
			isa = XCBuildConfiguration;
			baseConfigurationReference = DDD7FE7CC376FEFBB4D8578D /* Pods-webcam.release.xcconfig */;
			buildSettings = {
				ASSETCATALOG_COMPILER_APPICON_NAME = AppIcon;
				ASSETCATALOG_COMPILER_GLOBAL_ACCENT_COLOR_NAME = AccentColor;
				CODE_SIGN_STYLE = Automatic;
				CURRENT_PROJECT_VERSION = 3;
				DEVELOPMENT_ASSET_PATHS = "\"webcam/Preview Content\"";
				DEVELOPMENT_TEAM = L3GTYCSW62;
				ENABLE_PREVIEWS = YES;
				INFOPLIST_FILE = webcam/Info.plist;
				LD_RUNPATH_SEARCH_PATHS = (
					"$(inherited)",
					"@executable_path/Frameworks",
				);
				MARKETING_VERSION = 1.0.1;
				PRODUCT_BUNDLE_IDENTIFIER = com.am.webcam;
				PRODUCT_NAME = "$(TARGET_NAME)";
				SWIFT_VERSION = 5.0;
				TARGETED_DEVICE_FAMILY = "1,2";
			};
			name = Release;
		};
		30122C5025EC46B40056CFA5 /* Debug */ = {
			isa = XCBuildConfiguration;
			baseConfigurationReference = B9443B4A66F45DB1BBD2C977 /* Pods-webcamTests.debug.xcconfig */;
			buildSettings = {
				ALWAYS_EMBED_SWIFT_STANDARD_LIBRARIES = YES;
				BUNDLE_LOADER = "$(TEST_HOST)";
				CODE_SIGN_STYLE = Automatic;
				DEVELOPMENT_TEAM = JUS3FL3A74;
				INFOPLIST_FILE = webcamTests/Info.plist;
				IPHONEOS_DEPLOYMENT_TARGET = 14.0;
				LD_RUNPATH_SEARCH_PATHS = (
					"$(inherited)",
					"@executable_path/Frameworks",
					"@loader_path/Frameworks",
				);
				PRODUCT_BUNDLE_IDENTIFIER = com.am.webcamTests;
				PRODUCT_NAME = "$(TARGET_NAME)";
				SWIFT_VERSION = 5.0;
				TARGETED_DEVICE_FAMILY = "1,2";
				TEST_HOST = "$(BUILT_PRODUCTS_DIR)/webcam.app/webcam";
			};
			name = Debug;
		};
		30122C5125EC46B40056CFA5 /* Release */ = {
			isa = XCBuildConfiguration;
			baseConfigurationReference = F46CEEE493CC21282D221FFE /* Pods-webcamTests.release.xcconfig */;
			buildSettings = {
				ALWAYS_EMBED_SWIFT_STANDARD_LIBRARIES = YES;
				BUNDLE_LOADER = "$(TEST_HOST)";
				CODE_SIGN_STYLE = Automatic;
				DEVELOPMENT_TEAM = JUS3FL3A74;
				INFOPLIST_FILE = webcamTests/Info.plist;
				IPHONEOS_DEPLOYMENT_TARGET = 14.0;
				LD_RUNPATH_SEARCH_PATHS = (
					"$(inherited)",
					"@executable_path/Frameworks",
					"@loader_path/Frameworks",
				);
				PRODUCT_BUNDLE_IDENTIFIER = com.am.webcamTests;
				PRODUCT_NAME = "$(TARGET_NAME)";
				SWIFT_VERSION = 5.0;
				TARGETED_DEVICE_FAMILY = "1,2";
				TEST_HOST = "$(BUILT_PRODUCTS_DIR)/webcam.app/webcam";
			};
			name = Release;
		};
		30122C5325EC46B40056CFA5 /* Debug */ = {
			isa = XCBuildConfiguration;
			baseConfigurationReference = 2F51ACA5176C9C60DAB1210A /* Pods-webcam-webcamUITests.debug.xcconfig */;
			buildSettings = {
				ALWAYS_EMBED_SWIFT_STANDARD_LIBRARIES = YES;
				CODE_SIGN_STYLE = Automatic;
				DEVELOPMENT_TEAM = JUS3FL3A74;
				INFOPLIST_FILE = webcamUITests/Info.plist;
				LD_RUNPATH_SEARCH_PATHS = (
					"$(inherited)",
					"@executable_path/Frameworks",
					"@loader_path/Frameworks",
				);
				PRODUCT_BUNDLE_IDENTIFIER = com.am.webcamUITests;
				PRODUCT_NAME = "$(TARGET_NAME)";
				SWIFT_VERSION = 5.0;
				TARGETED_DEVICE_FAMILY = "1,2";
				TEST_TARGET_NAME = webcam;
			};
			name = Debug;
		};
		30122C5425EC46B40056CFA5 /* Release */ = {
			isa = XCBuildConfiguration;
			baseConfigurationReference = 485284A9447AB0C21EB64F1D /* Pods-webcam-webcamUITests.release.xcconfig */;
			buildSettings = {
				ALWAYS_EMBED_SWIFT_STANDARD_LIBRARIES = YES;
				CODE_SIGN_STYLE = Automatic;
				DEVELOPMENT_TEAM = JUS3FL3A74;
				INFOPLIST_FILE = webcamUITests/Info.plist;
				LD_RUNPATH_SEARCH_PATHS = (
					"$(inherited)",
					"@executable_path/Frameworks",
					"@loader_path/Frameworks",
				);
				PRODUCT_BUNDLE_IDENTIFIER = com.am.webcamUITests;
				PRODUCT_NAME = "$(TARGET_NAME)";
				SWIFT_VERSION = 5.0;
				TARGETED_DEVICE_FAMILY = "1,2";
				TEST_TARGET_NAME = webcam;
			};
			name = Release;
		};
		30D8462925F2DB7400A402DC /* Debug */ = {
			isa = XCBuildConfiguration;
			baseConfigurationReference = B303FD8CD0F1578A016B0E2A /* Pods-server.debug.xcconfig */;
			buildSettings = {
				ASSETCATALOG_COMPILER_APPICON_NAME = AppIcon;
				ASSETCATALOG_COMPILER_GLOBAL_ACCENT_COLOR_NAME = AccentColor;
				CODE_SIGN_ENTITLEMENTS = server/server.entitlements;
				CODE_SIGN_STYLE = Automatic;
				DEVELOPMENT_ASSET_PATHS = "\"server/Preview Content\"";
				DEVELOPMENT_TEAM = L3GTYCSW62;
				ENABLE_PREVIEWS = YES;
				INFOPLIST_FILE = server/Info.plist;
				LD_RUNPATH_SEARCH_PATHS = (
					"$(inherited)",
					"@executable_path/Frameworks",
				);
				PRODUCT_BUNDLE_IDENTIFIER = com.am.server;
				PRODUCT_NAME = "$(TARGET_NAME)";
				SUPPORTS_MACCATALYST = YES;
				SWIFT_VERSION = 5.0;
				TARGETED_DEVICE_FAMILY = "1,2";
			};
			name = Debug;
		};
		30D8462A25F2DB7400A402DC /* Release */ = {
			isa = XCBuildConfiguration;
			baseConfigurationReference = 35DE6766B95FDCE4E3BA6124 /* Pods-server.release.xcconfig */;
			buildSettings = {
				ASSETCATALOG_COMPILER_APPICON_NAME = AppIcon;
				ASSETCATALOG_COMPILER_GLOBAL_ACCENT_COLOR_NAME = AccentColor;
				CODE_SIGN_ENTITLEMENTS = server/server.entitlements;
				CODE_SIGN_STYLE = Automatic;
				DEVELOPMENT_ASSET_PATHS = "\"server/Preview Content\"";
				DEVELOPMENT_TEAM = L3GTYCSW62;
				ENABLE_PREVIEWS = YES;
				INFOPLIST_FILE = server/Info.plist;
				LD_RUNPATH_SEARCH_PATHS = (
					"$(inherited)",
					"@executable_path/Frameworks",
				);
				PRODUCT_BUNDLE_IDENTIFIER = com.am.server;
				PRODUCT_NAME = "$(TARGET_NAME)";
				SUPPORTS_MACCATALYST = YES;
				SWIFT_VERSION = 5.0;
				TARGETED_DEVICE_FAMILY = "1,2";
			};
			name = Release;
		};
		30D8462B25F2DB7400A402DC /* Debug */ = {
			isa = XCBuildConfiguration;
			baseConfigurationReference = 9FDFD47302C012CEDBEBC616 /* Pods-serverTests.debug.xcconfig */;
			buildSettings = {
				ALWAYS_EMBED_SWIFT_STANDARD_LIBRARIES = YES;
				BUNDLE_LOADER = "$(TEST_HOST)";
				CODE_SIGN_STYLE = Automatic;
				DEVELOPMENT_TEAM = JUS3FL3A74;
				INFOPLIST_FILE = serverTests/Info.plist;
				IPHONEOS_DEPLOYMENT_TARGET = 14.0;
				LD_RUNPATH_SEARCH_PATHS = (
					"$(inherited)",
					"@executable_path/Frameworks",
					"@loader_path/Frameworks",
				);
				PRODUCT_BUNDLE_IDENTIFIER = com.am.serverTests;
				PRODUCT_NAME = "$(TARGET_NAME)";
				SWIFT_VERSION = 5.0;
				TARGETED_DEVICE_FAMILY = "1,2";
				TEST_HOST = "$(BUILT_PRODUCTS_DIR)/server.app/server";
			};
			name = Debug;
		};
		30D8462C25F2DB7400A402DC /* Release */ = {
			isa = XCBuildConfiguration;
			baseConfigurationReference = CB114F865033257C858CE4F9 /* Pods-serverTests.release.xcconfig */;
			buildSettings = {
				ALWAYS_EMBED_SWIFT_STANDARD_LIBRARIES = YES;
				BUNDLE_LOADER = "$(TEST_HOST)";
				CODE_SIGN_STYLE = Automatic;
				DEVELOPMENT_TEAM = JUS3FL3A74;
				INFOPLIST_FILE = serverTests/Info.plist;
				IPHONEOS_DEPLOYMENT_TARGET = 14.0;
				LD_RUNPATH_SEARCH_PATHS = (
					"$(inherited)",
					"@executable_path/Frameworks",
					"@loader_path/Frameworks",
				);
				PRODUCT_BUNDLE_IDENTIFIER = com.am.serverTests;
				PRODUCT_NAME = "$(TARGET_NAME)";
				SWIFT_VERSION = 5.0;
				TARGETED_DEVICE_FAMILY = "1,2";
				TEST_HOST = "$(BUILT_PRODUCTS_DIR)/server.app/server";
			};
			name = Release;
		};
		30D8462D25F2DB7400A402DC /* Debug */ = {
			isa = XCBuildConfiguration;
			baseConfigurationReference = 590886B3C3261060BC541D9C /* Pods-server-serverUITests.debug.xcconfig */;
			buildSettings = {
				ALWAYS_EMBED_SWIFT_STANDARD_LIBRARIES = YES;
				CODE_SIGN_STYLE = Automatic;
				DEVELOPMENT_TEAM = JUS3FL3A74;
				INFOPLIST_FILE = serverUITests/Info.plist;
				LD_RUNPATH_SEARCH_PATHS = (
					"$(inherited)",
					"@executable_path/Frameworks",
					"@loader_path/Frameworks",
				);
				PRODUCT_BUNDLE_IDENTIFIER = com.am.serverUITests;
				PRODUCT_NAME = "$(TARGET_NAME)";
				SWIFT_VERSION = 5.0;
				TARGETED_DEVICE_FAMILY = "1,2";
				TEST_TARGET_NAME = server;
			};
			name = Debug;
		};
		30D8462E25F2DB7400A402DC /* Release */ = {
			isa = XCBuildConfiguration;
			baseConfigurationReference = 3E641EE2A30164D159178556 /* Pods-server-serverUITests.release.xcconfig */;
			buildSettings = {
				ALWAYS_EMBED_SWIFT_STANDARD_LIBRARIES = YES;
				CODE_SIGN_STYLE = Automatic;
				DEVELOPMENT_TEAM = JUS3FL3A74;
				INFOPLIST_FILE = serverUITests/Info.plist;
				LD_RUNPATH_SEARCH_PATHS = (
					"$(inherited)",
					"@executable_path/Frameworks",
					"@loader_path/Frameworks",
				);
				PRODUCT_BUNDLE_IDENTIFIER = com.am.serverUITests;
				PRODUCT_NAME = "$(TARGET_NAME)";
				SWIFT_VERSION = 5.0;
				TARGETED_DEVICE_FAMILY = "1,2";
				TEST_TARGET_NAME = server;
			};
			name = Release;
		};
/* End XCBuildConfiguration section */

/* Begin XCConfigurationList section */
		30122C1D25EC46B20056CFA5 /* Build configuration list for PBXProject "webcam" */ = {
			isa = XCConfigurationList;
			buildConfigurations = (
				30122C4A25EC46B40056CFA5 /* Debug */,
				30122C4B25EC46B40056CFA5 /* Release */,
			);
			defaultConfigurationIsVisible = 0;
			defaultConfigurationName = Release;
		};
		30122C4C25EC46B40056CFA5 /* Build configuration list for PBXNativeTarget "webcam" */ = {
			isa = XCConfigurationList;
			buildConfigurations = (
				30122C4D25EC46B40056CFA5 /* Debug */,
				30122C4E25EC46B40056CFA5 /* Release */,
			);
			defaultConfigurationIsVisible = 0;
			defaultConfigurationName = Release;
		};
		30122C4F25EC46B40056CFA5 /* Build configuration list for PBXNativeTarget "webcamTests" */ = {
			isa = XCConfigurationList;
			buildConfigurations = (
				30122C5025EC46B40056CFA5 /* Debug */,
				30122C5125EC46B40056CFA5 /* Release */,
			);
			defaultConfigurationIsVisible = 0;
			defaultConfigurationName = Release;
		};
		30122C5225EC46B40056CFA5 /* Build configuration list for PBXNativeTarget "webcamUITests" */ = {
			isa = XCConfigurationList;
			buildConfigurations = (
				30122C5325EC46B40056CFA5 /* Debug */,
				30122C5425EC46B40056CFA5 /* Release */,
			);
			defaultConfigurationIsVisible = 0;
			defaultConfigurationName = Release;
		};
		30D8462F25F2DB7400A402DC /* Build configuration list for PBXNativeTarget "server" */ = {
			isa = XCConfigurationList;
			buildConfigurations = (
				30D8462925F2DB7400A402DC /* Debug */,
				30D8462A25F2DB7400A402DC /* Release */,
			);
			defaultConfigurationIsVisible = 0;
			defaultConfigurationName = Release;
		};
		30D8463025F2DB7400A402DC /* Build configuration list for PBXNativeTarget "serverTests" */ = {
			isa = XCConfigurationList;
			buildConfigurations = (
				30D8462B25F2DB7400A402DC /* Debug */,
				30D8462C25F2DB7400A402DC /* Release */,
			);
			defaultConfigurationIsVisible = 0;
			defaultConfigurationName = Release;
		};
		30D8463125F2DB7400A402DC /* Build configuration list for PBXNativeTarget "serverUITests" */ = {
			isa = XCConfigurationList;
			buildConfigurations = (
				30D8462D25F2DB7400A402DC /* Debug */,
				30D8462E25F2DB7400A402DC /* Release */,
			);
			defaultConfigurationIsVisible = 0;
			defaultConfigurationName = Release;
		};
/* End XCConfigurationList section */

/* Begin XCRemoteSwiftPackageReference section */
		302F7A612762AA5C00A7CBB1 /* XCRemoteSwiftPackageReference "TinyConstraints" */ = {
			isa = XCRemoteSwiftPackageReference;
			repositoryURL = "https://github.com/roberthein/TinyConstraints.git";
			requirement = {
				branch = master;
				kind = branch;
			};
		};
/* End XCRemoteSwiftPackageReference section */

/* Begin XCSwiftPackageProductDependency section */
		302F7A622762AA5C00A7CBB1 /* TinyConstraints */ = {
			isa = XCSwiftPackageProductDependency;
			package = 302F7A612762AA5C00A7CBB1 /* XCRemoteSwiftPackageReference "TinyConstraints" */;
			productName = TinyConstraints;
		};
		30C27DEE260922B300E69103 /* NetworkCore */ = {
			isa = XCSwiftPackageProductDependency;
			productName = NetworkCore;
		};
		30C27DF6260922C100E69103 /* NetworkCore */ = {
			isa = XCSwiftPackageProductDependency;
			productName = NetworkCore;
		};
/* End XCSwiftPackageProductDependency section */
	};
	rootObject = 30122C1A25EC46B20056CFA5 /* Project object */;
}
